
Microsoft Visual Studio Solution File, Format Version 12.00
# Visual Studio Version 16
VisualStudioVersion = 16.0.34114.132
MinimumVisualStudioVersion = 10.0.40219.1
Project("{FAE04EC0-301F-11D3-BF4B-00C04F79EFBC}") = "ATMinterface", "ATMinterface.csproj", "{2E2B597F-6909-40FE-8FF7-5580975171CC}"
EndProject
Global
	GlobalSection(SolutionConfigurationPlatforms) = preSolution
		Debug|Any CPU = Debug|Any CPU
		Release|Any CPU = Release|Any CPU
	EndGlobalSection
	GlobalSection(ProjectConfigurationPlatforms) = postSolution
		{2E2B597F-6909-40FE-8FF7-5580975171CC}.Debug|Any CPU.ActiveCfg = Debug|Any CPU
		{2E2B597F-6909-40FE-8FF7-5580975171CC}.Debug|Any CPU.Build.0 = Debug|Any CPU
		{2E2B597F-6909-40FE-8FF7-5580975171CC}.Release|Any CPU.ActiveCfg = Release|Any CPU
		{2E2B597F-6909-40FE-8FF7-5580975171CC}.Release|Any CPU.Build.0 = Release|Any CPU
	EndGlobalSection
	GlobalSection(SolutionProperties) = preSolution
		HideSolutionNode = FALSE
	EndGlobalSection
	GlobalSection(ExtensibilityGlobals) = postSolution
		SolutionGuid = {437039D9-0117-4252-B71B-D757B7473BB7}
	EndGlobalSection
EndGlobal
